// !$*UTF8*$!
{
	archiveVersion = 1;
	classes = {
	};
	objectVersion = 56;
	objects = {

/* Begin PBXBuildFile section */
		E90EBA572B2F8E9600E22E0D /* MoviesAppApp.swift in Sources */ = {isa = PBXBuildFile; fileRef = E90EBA562B2F8E9600E22E0D /* MoviesAppApp.swift */; };
		E90EBA592B2F8E9600E22E0D /* MovieList.swift in Sources */ = {isa = PBXBuildFile; fileRef = E90EBA582B2F8E9600E22E0D /* MovieList.swift */; };
		E90EBA5B2B2F8E9800E22E0D /* Assets.xcassets in Resources */ = {isa = PBXBuildFile; fileRef = E90EBA5A2B2F8E9800E22E0D /* Assets.xcassets */; };
		E90EBA5E2B2F8E9800E22E0D /* Preview Assets.xcassets in Resources */ = {isa = PBXBuildFile; fileRef = E90EBA5D2B2F8E9800E22E0D /* Preview Assets.xcassets */; };
		E90EBA682B2F8E9900E22E0D /* MoviesAppTests.swift in Sources */ = {isa = PBXBuildFile; fileRef = E90EBA672B2F8E9900E22E0D /* MoviesAppTests.swift */; };
		E90EBA722B2F8E9900E22E0D /* MoviesAppUITests.swift in Sources */ = {isa = PBXBuildFile; fileRef = E90EBA712B2F8E9900E22E0D /* MoviesAppUITests.swift */; };
		E90EBA742B2F8E9900E22E0D /* MoviesAppUITestsLaunchTests.swift in Sources */ = {isa = PBXBuildFile; fileRef = E90EBA732B2F8E9900E22E0D /* MoviesAppUITestsLaunchTests.swift */; };
		E928B56F2B33225500F457EC /* Realm in Frameworks */ = {isa = PBXBuildFile; productRef = E928B56E2B33225500F457EC /* Realm */; };
		E928B5712B33225500F457EC /* RealmSwift in Frameworks */ = {isa = PBXBuildFile; productRef = E928B5702B33225500F457EC /* RealmSwift */; };
		E928B5AB2B3375A400F457EC /* Error.swift in Sources */ = {isa = PBXBuildFile; fileRef = E928B5AA2B3375A400F457EC /* Error.swift */; };
		E928B5AE2B33C41100F457EC /* Permissions.swift in Sources */ = {isa = PBXBuildFile; fileRef = E928B5AD2B33C41100F457EC /* Permissions.swift */; };
		E928B5B22B33C78400F457EC /* SplashScreenView.swift in Sources */ = {isa = PBXBuildFile; fileRef = E928B5B12B33C78400F457EC /* SplashScreenView.swift */; };
		E928B5B52B33C84400F457EC /* Lottie in Frameworks */ = {isa = PBXBuildFile; productRef = E928B5B42B33C84400F457EC /* Lottie */; };
		E928B5B72B33C85800F457EC /* LottieView.swift in Sources */ = {isa = PBXBuildFile; fileRef = E928B5B62B33C85800F457EC /* LottieView.swift */; };
		E9303A352B33E1EB00083D00 /* GenreItemView.swift in Sources */ = {isa = PBXBuildFile; fileRef = E9303A342B33E1EB00083D00 /* GenreItemView.swift */; };
		E9303A392B33E31500083D00 /* SplashAnimation.json in Resources */ = {isa = PBXBuildFile; fileRef = E9303A382B33E31500083D00 /* SplashAnimation.json */; };
		E9303A3B2B33E42000083D00 /* SearchBarView.swift in Sources */ = {isa = PBXBuildFile; fileRef = E9303A3A2B33E42000083D00 /* SearchBarView.swift */; };
		E9303A3D2B33EF5A00083D00 /* MovieScrollableList.swift in Sources */ = {isa = PBXBuildFile; fileRef = E9303A3C2B33EF5A00083D00 /* MovieScrollableList.swift */; };
		E944B3F72B2FB662005DCB7B /* Movie.swift in Sources */ = {isa = PBXBuildFile; fileRef = E944B3F62B2FB662005DCB7B /* Movie.swift */; };
		E944B3FA2B2FBB9F005DCB7B /* MovieItemView.swift in Sources */ = {isa = PBXBuildFile; fileRef = E944B3F92B2FBB9F005DCB7B /* MovieItemView.swift */; };
		E944B3FC2B2FD447005DCB7B /* Router.swift in Sources */ = {isa = PBXBuildFile; fileRef = E944B3FB2B2FD447005DCB7B /* Router.swift */; };
		E944B3FE2B2FD627005DCB7B /* MovieDetailView.swift in Sources */ = {isa = PBXBuildFile; fileRef = E944B3FD2B2FD627005DCB7B /* MovieDetailView.swift */; };
		E944B4012B2FDF2B005DCB7B /* MoviesViewModel.swift in Sources */ = {isa = PBXBuildFile; fileRef = E944B4002B2FDF2B005DCB7B /* MoviesViewModel.swift */; };
/* End PBXBuildFile section */

/* Begin PBXContainerItemProxy section */
		E90EBA642B2F8E9900E22E0D /* PBXContainerItemProxy */ = {
			isa = PBXContainerItemProxy;
			containerPortal = E90EBA4B2B2F8E9600E22E0D /* Project object */;
			proxyType = 1;
			remoteGlobalIDString = E90EBA522B2F8E9600E22E0D;
			remoteInfo = MoviesApp;
		};
		E90EBA6E2B2F8E9900E22E0D /* PBXContainerItemProxy */ = {
			isa = PBXContainerItemProxy;
			containerPortal = E90EBA4B2B2F8E9600E22E0D /* Project object */;
			proxyType = 1;
			remoteGlobalIDString = E90EBA522B2F8E9600E22E0D;
			remoteInfo = MoviesApp;
		};
/* End PBXContainerItemProxy section */

/* Begin PBXFileReference section */
		E90EBA532B2F8E9600E22E0D /* MoviesApp.app */ = {isa = PBXFileReference; explicitFileType = wrapper.application; includeInIndex = 0; path = MoviesApp.app; sourceTree = BUILT_PRODUCTS_DIR; };
		E90EBA562B2F8E9600E22E0D /* MoviesAppApp.swift */ = {isa = PBXFileReference; lastKnownFileType = sourcecode.swift; path = MoviesAppApp.swift; sourceTree = "<group>"; };
		E90EBA582B2F8E9600E22E0D /* MovieList.swift */ = {isa = PBXFileReference; lastKnownFileType = sourcecode.swift; path = MovieList.swift; sourceTree = "<group>"; };
		E90EBA5A2B2F8E9800E22E0D /* Assets.xcassets */ = {isa = PBXFileReference; lastKnownFileType = folder.assetcatalog; path = Assets.xcassets; sourceTree = "<group>"; };
		E90EBA5D2B2F8E9800E22E0D /* Preview Assets.xcassets */ = {isa = PBXFileReference; lastKnownFileType = folder.assetcatalog; path = "Preview Assets.xcassets"; sourceTree = "<group>"; };
		E90EBA632B2F8E9900E22E0D /* MoviesAppTests.xctest */ = {isa = PBXFileReference; explicitFileType = wrapper.cfbundle; includeInIndex = 0; path = MoviesAppTests.xctest; sourceTree = BUILT_PRODUCTS_DIR; };
		E90EBA672B2F8E9900E22E0D /* MoviesAppTests.swift */ = {isa = PBXFileReference; lastKnownFileType = sourcecode.swift; path = MoviesAppTests.swift; sourceTree = "<group>"; };
		E90EBA6D2B2F8E9900E22E0D /* MoviesAppUITests.xctest */ = {isa = PBXFileReference; explicitFileType = wrapper.cfbundle; includeInIndex = 0; path = MoviesAppUITests.xctest; sourceTree = BUILT_PRODUCTS_DIR; };
		E90EBA712B2F8E9900E22E0D /* MoviesAppUITests.swift */ = {isa = PBXFileReference; lastKnownFileType = sourcecode.swift; path = MoviesAppUITests.swift; sourceTree = "<group>"; };
		E90EBA732B2F8E9900E22E0D /* MoviesAppUITestsLaunchTests.swift */ = {isa = PBXFileReference; lastKnownFileType = sourcecode.swift; path = MoviesAppUITestsLaunchTests.swift; sourceTree = "<group>"; };
		E928B5AA2B3375A400F457EC /* Error.swift */ = {isa = PBXFileReference; lastKnownFileType = sourcecode.swift; path = Error.swift; sourceTree = "<group>"; };
		E928B5AC2B33C3B000F457EC /* Info.plist */ = {isa = PBXFileReference; lastKnownFileType = text.plist; path = Info.plist; sourceTree = "<group>"; };
		E928B5AD2B33C41100F457EC /* Permissions.swift */ = {isa = PBXFileReference; lastKnownFileType = sourcecode.swift; path = Permissions.swift; sourceTree = "<group>"; };
		E928B5B12B33C78400F457EC /* SplashScreenView.swift */ = {isa = PBXFileReference; lastKnownFileType = sourcecode.swift; path = SplashScreenView.swift; sourceTree = "<group>"; };
		E928B5B62B33C85800F457EC /* LottieView.swift */ = {isa = PBXFileReference; lastKnownFileType = sourcecode.swift; path = LottieView.swift; sourceTree = "<group>"; };
		E9303A342B33E1EB00083D00 /* GenreItemView.swift */ = {isa = PBXFileReference; lastKnownFileType = sourcecode.swift; path = GenreItemView.swift; sourceTree = "<group>"; };
		E9303A382B33E31500083D00 /* SplashAnimation.json */ = {isa = PBXFileReference; fileEncoding = 4; lastKnownFileType = text.json; path = SplashAnimation.json; sourceTree = "<group>"; };
		E9303A3A2B33E42000083D00 /* SearchBarView.swift */ = {isa = PBXFileReference; lastKnownFileType = sourcecode.swift; path = SearchBarView.swift; sourceTree = "<group>"; };
		E9303A3C2B33EF5A00083D00 /* MovieScrollableList.swift */ = {isa = PBXFileReference; lastKnownFileType = sourcecode.swift; path = MovieScrollableList.swift; sourceTree = "<group>"; };
		E944B3F62B2FB662005DCB7B /* Movie.swift */ = {isa = PBXFileReference; lastKnownFileType = sourcecode.swift; path = Movie.swift; sourceTree = "<group>"; };
		E944B3F92B2FBB9F005DCB7B /* MovieItemView.swift */ = {isa = PBXFileReference; lastKnownFileType = sourcecode.swift; path = MovieItemView.swift; sourceTree = "<group>"; };
		E944B3FB2B2FD447005DCB7B /* Router.swift */ = {isa = PBXFileReference; lastKnownFileType = sourcecode.swift; path = Router.swift; sourceTree = "<group>"; };
		E944B3FD2B2FD627005DCB7B /* MovieDetailView.swift */ = {isa = PBXFileReference; lastKnownFileType = sourcecode.swift; path = MovieDetailView.swift; sourceTree = "<group>"; };
		E944B4002B2FDF2B005DCB7B /* MoviesViewModel.swift */ = {isa = PBXFileReference; lastKnownFileType = sourcecode.swift; path = MoviesViewModel.swift; sourceTree = "<group>"; };
/* End PBXFileReference section */

/* Begin PBXFrameworksBuildPhase section */
		E90EBA502B2F8E9600E22E0D /* Frameworks */ = {
			isa = PBXFrameworksBuildPhase;
			buildActionMask = 2147483647;
			files = (
				E928B5712B33225500F457EC /* RealmSwift in Frameworks */,
				E928B56F2B33225500F457EC /* Realm in Frameworks */,
				E928B5B52B33C84400F457EC /* Lottie in Frameworks */,
			);
			runOnlyForDeploymentPostprocessing = 0;
		};
		E90EBA602B2F8E9900E22E0D /* Frameworks */ = {
			isa = PBXFrameworksBuildPhase;
			buildActionMask = 2147483647;
			files = (
			);
			runOnlyForDeploymentPostprocessing = 0;
		};
		E90EBA6A2B2F8E9900E22E0D /* Frameworks */ = {
			isa = PBXFrameworksBuildPhase;
			buildActionMask = 2147483647;
			files = (
			);
			runOnlyForDeploymentPostprocessing = 0;
		};
/* End PBXFrameworksBuildPhase section */

/* Begin PBXGroup section */
		E90EBA4A2B2F8E9600E22E0D = {
			isa = PBXGroup;
			children = (
				E90EBA552B2F8E9600E22E0D /* MoviesApp */,
				E90EBA662B2F8E9900E22E0D /* MoviesAppTests */,
				E90EBA702B2F8E9900E22E0D /* MoviesAppUITests */,
				E90EBA542B2F8E9600E22E0D /* Products */,
			);
			sourceTree = "<group>";
		};
		E90EBA542B2F8E9600E22E0D /* Products */ = {
			isa = PBXGroup;
			children = (
				E90EBA532B2F8E9600E22E0D /* MoviesApp.app */,
				E90EBA632B2F8E9900E22E0D /* MoviesAppTests.xctest */,
				E90EBA6D2B2F8E9900E22E0D /* MoviesAppUITests.xctest */,
			);
			name = Products;
			sourceTree = "<group>";
		};
		E90EBA552B2F8E9600E22E0D /* MoviesApp */ = {
			isa = PBXGroup;
			children = (
				E9303A382B33E31500083D00 /* SplashAnimation.json */,
				E928B5AC2B33C3B000F457EC /* Info.plist */,
				E944B3FF2B2FDF1B005DCB7B /* ViewModel */,
				E944B3F82B2FBB92005DCB7B /* View */,
				E944B3F52B2FB654005DCB7B /* Model */,
				E90EBA562B2F8E9600E22E0D /* MoviesAppApp.swift */,
				E90EBA5A2B2F8E9800E22E0D /* Assets.xcassets */,
				E90EBA5C2B2F8E9800E22E0D /* Preview Content */,
				E944B3FB2B2FD447005DCB7B /* Router.swift */,
				E928B5AA2B3375A400F457EC /* Error.swift */,
				E928B5AD2B33C41100F457EC /* Permissions.swift */,
				E928B5B12B33C78400F457EC /* SplashScreenView.swift */,
				E928B5B62B33C85800F457EC /* LottieView.swift */,
			);
			path = MoviesApp;
			sourceTree = "<group>";
		};
		E90EBA5C2B2F8E9800E22E0D /* Preview Content */ = {
			isa = PBXGroup;
			children = (
				E90EBA5D2B2F8E9800E22E0D /* Preview Assets.xcassets */,
			);
			path = "Preview Content";
			sourceTree = "<group>";
		};
		E90EBA662B2F8E9900E22E0D /* MoviesAppTests */ = {
			isa = PBXGroup;
			children = (
				E90EBA672B2F8E9900E22E0D /* MoviesAppTests.swift */,
			);
			path = MoviesAppTests;
			sourceTree = "<group>";
		};
		E90EBA702B2F8E9900E22E0D /* MoviesAppUITests */ = {
			isa = PBXGroup;
			children = (
				E90EBA712B2F8E9900E22E0D /* MoviesAppUITests.swift */,
				E90EBA732B2F8E9900E22E0D /* MoviesAppUITestsLaunchTests.swift */,
			);
			path = MoviesAppUITests;
			sourceTree = "<group>";
		};
		E944B3F52B2FB654005DCB7B /* Model */ = {
			isa = PBXGroup;
			children = (
				E944B3F62B2FB662005DCB7B /* Movie.swift */,
			);
			path = Model;
			sourceTree = "<group>";
		};
		E944B3F82B2FBB92005DCB7B /* View */ = {
			isa = PBXGroup;
			children = (
				E90EBA582B2F8E9600E22E0D /* MovieList.swift */,
				E944B3F92B2FBB9F005DCB7B /* MovieItemView.swift */,
				E944B3FD2B2FD627005DCB7B /* MovieDetailView.swift */,
				E9303A342B33E1EB00083D00 /* GenreItemView.swift */,
				E9303A3A2B33E42000083D00 /* SearchBarView.swift */,
				E9303A3C2B33EF5A00083D00 /* MovieScrollableList.swift */,
			);
			path = View;
			sourceTree = "<group>";
		};
		E944B3FF2B2FDF1B005DCB7B /* ViewModel */ = {
			isa = PBXGroup;
			children = (
				E944B4002B2FDF2B005DCB7B /* MoviesViewModel.swift */,
			);
			path = ViewModel;
			sourceTree = "<group>";
		};
/* End PBXGroup section */

/* Begin PBXNativeTarget section */
		E90EBA522B2F8E9600E22E0D /* MoviesApp */ = {
			isa = PBXNativeTarget;
			buildConfigurationList = E90EBA772B2F8E9900E22E0D /* Build configuration list for PBXNativeTarget "MoviesApp" */;
			buildPhases = (
				E90EBA4F2B2F8E9600E22E0D /* Sources */,
				E90EBA502B2F8E9600E22E0D /* Frameworks */,
				E90EBA512B2F8E9600E22E0D /* Resources */,
			);
			buildRules = (
			);
			dependencies = (
			);
			name = MoviesApp;
			packageProductDependencies = (
				E928B56E2B33225500F457EC /* Realm */,
				E928B5702B33225500F457EC /* RealmSwift */,
				E928B5B42B33C84400F457EC /* Lottie */,
			);
			productName = MoviesApp;
			productReference = E90EBA532B2F8E9600E22E0D /* MoviesApp.app */;
			productType = "com.apple.product-type.application";
		};
		E90EBA622B2F8E9900E22E0D /* MoviesAppTests */ = {
			isa = PBXNativeTarget;
			buildConfigurationList = E90EBA7A2B2F8E9900E22E0D /* Build configuration list for PBXNativeTarget "MoviesAppTests" */;
			buildPhases = (
				E90EBA5F2B2F8E9900E22E0D /* Sources */,
				E90EBA602B2F8E9900E22E0D /* Frameworks */,
				E90EBA612B2F8E9900E22E0D /* Resources */,
			);
			buildRules = (
			);
			dependencies = (
				E90EBA652B2F8E9900E22E0D /* PBXTargetDependency */,
			);
			name = MoviesAppTests;
			productName = MoviesAppTests;
			productReference = E90EBA632B2F8E9900E22E0D /* MoviesAppTests.xctest */;
			productType = "com.apple.product-type.bundle.unit-test";
		};
		E90EBA6C2B2F8E9900E22E0D /* MoviesAppUITests */ = {
			isa = PBXNativeTarget;
			buildConfigurationList = E90EBA7D2B2F8E9900E22E0D /* Build configuration list for PBXNativeTarget "MoviesAppUITests" */;
			buildPhases = (
				E90EBA692B2F8E9900E22E0D /* Sources */,
				E90EBA6A2B2F8E9900E22E0D /* Frameworks */,
				E90EBA6B2B2F8E9900E22E0D /* Resources */,
			);
			buildRules = (
			);
			dependencies = (
				E90EBA6F2B2F8E9900E22E0D /* PBXTargetDependency */,
			);
			name = MoviesAppUITests;
			productName = MoviesAppUITests;
			productReference = E90EBA6D2B2F8E9900E22E0D /* MoviesAppUITests.xctest */;
			productType = "com.apple.product-type.bundle.ui-testing";
		};
/* End PBXNativeTarget section */

/* Begin PBXProject section */
		E90EBA4B2B2F8E9600E22E0D /* Project object */ = {
			isa = PBXProject;
			attributes = {
				BuildIndependentTargetsInParallel = 1;
				LastSwiftUpdateCheck = 1500;
				LastUpgradeCheck = 1500;
				TargetAttributes = {
					E90EBA522B2F8E9600E22E0D = {
						CreatedOnToolsVersion = 15.0;
					};
					E90EBA622B2F8E9900E22E0D = {
						CreatedOnToolsVersion = 15.0;
						TestTargetID = E90EBA522B2F8E9600E22E0D;
					};
					E90EBA6C2B2F8E9900E22E0D = {
						CreatedOnToolsVersion = 15.0;
						TestTargetID = E90EBA522B2F8E9600E22E0D;
					};
				};
			};
			buildConfigurationList = E90EBA4E2B2F8E9600E22E0D /* Build configuration list for PBXProject "MoviesApp" */;
			compatibilityVersion = "Xcode 14.0";
			developmentRegion = en;
			hasScannedForEncodings = 0;
			knownRegions = (
				en,
				Base,
			);
			mainGroup = E90EBA4A2B2F8E9600E22E0D;
			packageReferences = (
				E928B56D2B33225500F457EC /* XCRemoteSwiftPackageReference "realm-swift" */,
				E928B5B32B33C84400F457EC /* XCRemoteSwiftPackageReference "lottie-ios" */,
			);
			productRefGroup = E90EBA542B2F8E9600E22E0D /* Products */;
			projectDirPath = "";
			projectRoot = "";
			targets = (
				E90EBA522B2F8E9600E22E0D /* MoviesApp */,
				E90EBA622B2F8E9900E22E0D /* MoviesAppTests */,
				E90EBA6C2B2F8E9900E22E0D /* MoviesAppUITests */,
			);
		};
/* End PBXProject section */

/* Begin PBXResourcesBuildPhase section */
		E90EBA512B2F8E9600E22E0D /* Resources */ = {
			isa = PBXResourcesBuildPhase;
			buildActionMask = 2147483647;
			files = (
				E9303A392B33E31500083D00 /* SplashAnimation.json in Resources */,
				E90EBA5E2B2F8E9800E22E0D /* Preview Assets.xcassets in Resources */,
				E90EBA5B2B2F8E9800E22E0D /* Assets.xcassets in Resources */,
			);
			runOnlyForDeploymentPostprocessing = 0;
		};
		E90EBA612B2F8E9900E22E0D /* Resources */ = {
			isa = PBXResourcesBuildPhase;
			buildActionMask = 2147483647;
			files = (
			);
			runOnlyForDeploymentPostprocessing = 0;
		};
		E90EBA6B2B2F8E9900E22E0D /* Resources */ = {
			isa = PBXResourcesBuildPhase;
			buildActionMask = 2147483647;
			files = (
			);
			runOnlyForDeploymentPostprocessing = 0;
		};
/* End PBXResourcesBuildPhase section */

/* Begin PBXSourcesBuildPhase section */
		E90EBA4F2B2F8E9600E22E0D /* Sources */ = {
			isa = PBXSourcesBuildPhase;
			buildActionMask = 2147483647;
			files = (
				E928B5AB2B3375A400F457EC /* Error.swift in Sources */,
				E944B3FE2B2FD627005DCB7B /* MovieDetailView.swift in Sources */,
				E944B3FA2B2FBB9F005DCB7B /* MovieItemView.swift in Sources */,
				E90EBA592B2F8E9600E22E0D /* MovieList.swift in Sources */,
				E928B5AE2B33C41100F457EC /* Permissions.swift in Sources */,
				E9303A352B33E1EB00083D00 /* GenreItemView.swift in Sources */,
				E944B3FC2B2FD447005DCB7B /* Router.swift in Sources */,
				E944B4012B2FDF2B005DCB7B /* MoviesViewModel.swift in Sources */,
				E928B5B22B33C78400F457EC /* SplashScreenView.swift in Sources */,
				E9303A3D2B33EF5A00083D00 /* MovieScrollableList.swift in Sources */,
				E9303A3B2B33E42000083D00 /* SearchBarView.swift in Sources */,
				E90EBA572B2F8E9600E22E0D /* MoviesAppApp.swift in Sources */,
				E928B5B72B33C85800F457EC /* LottieView.swift in Sources */,
				E944B3F72B2FB662005DCB7B /* Movie.swift in Sources */,
			);
			runOnlyForDeploymentPostprocessing = 0;
		};
		E90EBA5F2B2F8E9900E22E0D /* Sources */ = {
			isa = PBXSourcesBuildPhase;
			buildActionMask = 2147483647;
			files = (
				E90EBA682B2F8E9900E22E0D /* MoviesAppTests.swift in Sources */,
			);
			runOnlyForDeploymentPostprocessing = 0;
		};
		E90EBA692B2F8E9900E22E0D /* Sources */ = {
			isa = PBXSourcesBuildPhase;
			buildActionMask = 2147483647;
			files = (
				E90EBA722B2F8E9900E22E0D /* MoviesAppUITests.swift in Sources */,
				E90EBA742B2F8E9900E22E0D /* MoviesAppUITestsLaunchTests.swift in Sources */,
			);
			runOnlyForDeploymentPostprocessing = 0;
		};
/* End PBXSourcesBuildPhase section */

/* Begin PBXTargetDependency section */
		E90EBA652B2F8E9900E22E0D /* PBXTargetDependency */ = {
			isa = PBXTargetDependency;
			target = E90EBA522B2F8E9600E22E0D /* MoviesApp */;
			targetProxy = E90EBA642B2F8E9900E22E0D /* PBXContainerItemProxy */;
		};
		E90EBA6F2B2F8E9900E22E0D /* PBXTargetDependency */ = {
			isa = PBXTargetDependency;
			target = E90EBA522B2F8E9600E22E0D /* MoviesApp */;
			targetProxy = E90EBA6E2B2F8E9900E22E0D /* PBXContainerItemProxy */;
		};
/* End PBXTargetDependency section */

/* Begin XCBuildConfiguration section */
		E90EBA752B2F8E9900E22E0D /* Debug */ = {
			isa = XCBuildConfiguration;
			buildSettings = {
				ALWAYS_SEARCH_USER_PATHS = NO;
				ASSETCATALOG_COMPILER_GENERATE_SWIFT_ASSET_SYMBOL_EXTENSIONS = YES;
				CLANG_ANALYZER_NONNULL = YES;
				CLANG_ANALYZER_NUMBER_OBJECT_CONVERSION = YES_AGGRESSIVE;
				CLANG_CXX_LANGUAGE_STANDARD = "gnu++20";
				CLANG_ENABLE_MODULES = YES;
				CLANG_ENABLE_OBJC_ARC = YES;
				CLANG_ENABLE_OBJC_WEAK = YES;
				CLANG_WARN_BLOCK_CAPTURE_AUTORELEASING = YES;
				CLANG_WARN_BOOL_CONVERSION = YES;
				CLANG_WARN_COMMA = YES;
				CLANG_WARN_CONSTANT_CONVERSION = YES;
				CLANG_WARN_DEPRECATED_OBJC_IMPLEMENTATIONS = YES;
				CLANG_WARN_DIRECT_OBJC_ISA_USAGE = YES_ERROR;
				CLANG_WARN_DOCUMENTATION_COMMENTS = YES;
				CLANG_WARN_EMPTY_BODY = YES;
				CLANG_WARN_ENUM_CONVERSION = YES;
				CLANG_WARN_INFINITE_RECURSION = YES;
				CLANG_WARN_INT_CONVERSION = YES;
				CLANG_WARN_NON_LITERAL_NULL_CONVERSION = YES;
				CLANG_WARN_OBJC_IMPLICIT_RETAIN_SELF = YES;
				CLANG_WARN_OBJC_LITERAL_CONVERSION = YES;
				CLANG_WARN_OBJC_ROOT_CLASS = YES_ERROR;
				CLANG_WARN_QUOTED_INCLUDE_IN_FRAMEWORK_HEADER = YES;
				CLANG_WARN_RANGE_LOOP_ANALYSIS = YES;
				CLANG_WARN_STRICT_PROTOTYPES = YES;
				CLANG_WARN_SUSPICIOUS_MOVE = YES;
				CLANG_WARN_UNGUARDED_AVAILABILITY = YES_AGGRESSIVE;
				CLANG_WARN_UNREACHABLE_CODE = YES;
				CLANG_WARN__DUPLICATE_METHOD_MATCH = YES;
				COPY_PHASE_STRIP = NO;
				DEBUG_INFORMATION_FORMAT = dwarf;
				ENABLE_STRICT_OBJC_MSGSEND = YES;
				ENABLE_TESTABILITY = YES;
				ENABLE_USER_SCRIPT_SANDBOXING = YES;
				GCC_C_LANGUAGE_STANDARD = gnu17;
				GCC_DYNAMIC_NO_PIC = NO;
				GCC_NO_COMMON_BLOCKS = YES;
				GCC_OPTIMIZATION_LEVEL = 0;
				GCC_PREPROCESSOR_DEFINITIONS = (
					"DEBUG=1",
					"$(inherited)",
				);
				GCC_WARN_64_TO_32_BIT_CONVERSION = YES;
				GCC_WARN_ABOUT_RETURN_TYPE = YES_ERROR;
				GCC_WARN_UNDECLARED_SELECTOR = YES;
				GCC_WARN_UNINITIALIZED_AUTOS = YES_AGGRESSIVE;
				GCC_WARN_UNUSED_FUNCTION = YES;
				GCC_WARN_UNUSED_VARIABLE = YES;
				IPHONEOS_DEPLOYMENT_TARGET = 17.0;
				LOCALIZATION_PREFERS_STRING_CATALOGS = YES;
				MTL_ENABLE_DEBUG_INFO = INCLUDE_SOURCE;
				MTL_FAST_MATH = YES;
				ONLY_ACTIVE_ARCH = YES;
				SDKROOT = iphoneos;
				SWIFT_ACTIVE_COMPILATION_CONDITIONS = "DEBUG $(inherited)";
				SWIFT_OPTIMIZATION_LEVEL = "-Onone";
			};
			name = Debug;
		};
		E90EBA762B2F8E9900E22E0D /* Release */ = {
			isa = XCBuildConfiguration;
			buildSettings = {
				ALWAYS_SEARCH_USER_PATHS = NO;
				ASSETCATALOG_COMPILER_GENERATE_SWIFT_ASSET_SYMBOL_EXTENSIONS = YES;
				CLANG_ANALYZER_NONNULL = YES;
				CLANG_ANALYZER_NUMBER_OBJECT_CONVERSION = YES_AGGRESSIVE;
				CLANG_CXX_LANGUAGE_STANDARD = "gnu++20";
				CLANG_ENABLE_MODULES = YES;
				CLANG_ENABLE_OBJC_ARC = YES;
				CLANG_ENABLE_OBJC_WEAK = YES;
				CLANG_WARN_BLOCK_CAPTURE_AUTORELEASING = YES;
				CLANG_WARN_BOOL_CONVERSION = YES;
				CLANG_WARN_COMMA = YES;
				CLANG_WARN_CONSTANT_CONVERSION = YES;
				CLANG_WARN_DEPRECATED_OBJC_IMPLEMENTATIONS = YES;
				CLANG_WARN_DIRECT_OBJC_ISA_USAGE = YES_ERROR;
				CLANG_WARN_DOCUMENTATION_COMMENTS = YES;
				CLANG_WARN_EMPTY_BODY = YES;
				CLANG_WARN_ENUM_CONVERSION = YES;
				CLANG_WARN_INFINITE_RECURSION = YES;
				CLANG_WARN_INT_CONVERSION = YES;
				CLANG_WARN_NON_LITERAL_NULL_CONVERSION = YES;
				CLANG_WARN_OBJC_IMPLICIT_RETAIN_SELF = YES;
				CLANG_WARN_OBJC_LITERAL_CONVERSION = YES;
				CLANG_WARN_OBJC_ROOT_CLASS = YES_ERROR;
				CLANG_WARN_QUOTED_INCLUDE_IN_FRAMEWORK_HEADER = YES;
				CLANG_WARN_RANGE_LOOP_ANALYSIS = YES;
				CLANG_WARN_STRICT_PROTOTYPES = YES;
				CLANG_WARN_SUSPICIOUS_MOVE = YES;
				CLANG_WARN_UNGUARDED_AVAILABILITY = YES_AGGRESSIVE;
				CLANG_WARN_UNREACHABLE_CODE = YES;
				CLANG_WARN__DUPLICATE_METHOD_MATCH = YES;
				COPY_PHASE_STRIP = NO;
				DEBUG_INFORMATION_FORMAT = "dwarf-with-dsym";
				ENABLE_NS_ASSERTIONS = NO;
				ENABLE_STRICT_OBJC_MSGSEND = YES;
				ENABLE_USER_SCRIPT_SANDBOXING = YES;
				GCC_C_LANGUAGE_STANDARD = gnu17;
				GCC_NO_COMMON_BLOCKS = YES;
				GCC_WARN_64_TO_32_BIT_CONVERSION = YES;
				GCC_WARN_ABOUT_RETURN_TYPE = YES_ERROR;
				GCC_WARN_UNDECLARED_SELECTOR = YES;
				GCC_WARN_UNINITIALIZED_AUTOS = YES_AGGRESSIVE;
				GCC_WARN_UNUSED_FUNCTION = YES;
				GCC_WARN_UNUSED_VARIABLE = YES;
				IPHONEOS_DEPLOYMENT_TARGET = 17.0;
				LOCALIZATION_PREFERS_STRING_CATALOGS = YES;
				MTL_ENABLE_DEBUG_INFO = NO;
				MTL_FAST_MATH = YES;
				SDKROOT = iphoneos;
				SWIFT_COMPILATION_MODE = wholemodule;
				VALIDATE_PRODUCT = YES;
			};
			name = Release;
		};
		E90EBA782B2F8E9900E22E0D /* Debug */ = {
			isa = XCBuildConfiguration;
			buildSettings = {
				ASSETCATALOG_COMPILER_APPICON_NAME = AppIcon;
				ASSETCATALOG_COMPILER_GLOBAL_ACCENT_COLOR_NAME = AccentColor;
				CODE_SIGN_STYLE = Automatic;
				CURRENT_PROJECT_VERSION = 1;
				DEVELOPMENT_ASSET_PATHS = "\"MoviesApp/Preview Content\"";
				ENABLE_PREVIEWS = YES;
				GENERATE_INFOPLIST_FILE = YES;
				INFOPLIST_FILE = MoviesApp/Info.plist;
				INFOPLIST_KEY_NSCameraUsageDescription = "Esta aplicación utiliza la cámara";
				INFOPLIST_KEY_NSLocationUsageDescription = "Esta aplicación utiliza el GPS";
				INFOPLIST_KEY_NSLocationWhenInUseUsageDescription = "Esta aplicación utliza el GPS";
				INFOPLIST_KEY_UIApplicationSceneManifest_Generation = YES;
				INFOPLIST_KEY_UIApplicationSupportsIndirectInputEvents = YES;
				INFOPLIST_KEY_UILaunchScreen_Generation = YES;
				INFOPLIST_KEY_UISupportedInterfaceOrientations_iPad = "UIInterfaceOrientationPortrait UIInterfaceOrientationPortraitUpsideDown UIInterfaceOrientationLandscapeLeft UIInterfaceOrientationLandscapeRight";
				INFOPLIST_KEY_UISupportedInterfaceOrientations_iPhone = "UIInterfaceOrientationPortrait UIInterfaceOrientationLandscapeLeft UIInterfaceOrientationLandscapeRight";
				LD_RUNPATH_SEARCH_PATHS = (
					"$(inherited)",
					"@executable_path/Frameworks",
				);
				MARKETING_VERSION = 1.0;
				PRODUCT_BUNDLE_IDENTIFIER = "com.movies-app.MoviesApp";
				PRODUCT_NAME = "$(TARGET_NAME)";
				SWIFT_EMIT_LOC_STRINGS = YES;
				SWIFT_VERSION = 5.0;
				TARGETED_DEVICE_FAMILY = "1,2";
			};
			name = Debug;
		};
		E90EBA792B2F8E9900E22E0D /* Release */ = {
			isa = XCBuildConfiguration;
			buildSettings = {
				ASSETCATALOG_COMPILER_APPICON_NAME = AppIcon;
				ASSETCATALOG_COMPILER_GLOBAL_ACCENT_COLOR_NAME = AccentColor;
				CODE_SIGN_STYLE = Automatic;
				CURRENT_PROJECT_VERSION = 1;
				DEVELOPMENT_ASSET_PATHS = "\"MoviesApp/Preview Content\"";
				ENABLE_PREVIEWS = YES;
				GENERATE_INFOPLIST_FILE = YES;
				INFOPLIST_FILE = MoviesApp/Info.plist;
				INFOPLIST_KEY_NSCameraUsageDescription = "Esta aplicación utiliza la cámara";
				INFOPLIST_KEY_NSLocationUsageDescription = "Esta aplicación utiliza el GPS";
				INFOPLIST_KEY_NSLocationWhenInUseUsageDescription = "Esta aplicación utliza el GPS";
				INFOPLIST_KEY_UIApplicationSceneManifest_Generation = YES;
				INFOPLIST_KEY_UIApplicationSupportsIndirectInputEvents = YES;
				INFOPLIST_KEY_UILaunchScreen_Generation = YES;
				INFOPLIST_KEY_UISupportedInterfaceOrientations_iPad = "UIInterfaceOrientationPortrait UIInterfaceOrientationPortraitUpsideDown UIInterfaceOrientationLandscapeLeft UIInterfaceOrientationLandscapeRight";
				INFOPLIST_KEY_UISupportedInterfaceOrientations_iPhone = "UIInterfaceOrientationPortrait UIInterfaceOrientationLandscapeLeft UIInterfaceOrientationLandscapeRight";
				LD_RUNPATH_SEARCH_PATHS = (
					"$(inherited)",
					"@executable_path/Frameworks",
				);
				MARKETING_VERSION = 1.0;
				PRODUCT_BUNDLE_IDENTIFIER = "com.movies-app.MoviesApp";
				PRODUCT_NAME = "$(TARGET_NAME)";
				SWIFT_EMIT_LOC_STRINGS = YES;
				SWIFT_VERSION = 5.0;
				TARGETED_DEVICE_FAMILY = "1,2";
			};
			name = Release;
		};
		E90EBA7B2B2F8E9900E22E0D /* Debug */ = {
			isa = XCBuildConfiguration;
			buildSettings = {
				ALWAYS_EMBED_SWIFT_STANDARD_LIBRARIES = YES;
				BUNDLE_LOADER = "$(TEST_HOST)";
				CODE_SIGN_STYLE = Automatic;
				CURRENT_PROJECT_VERSION = 1;
				GENERATE_INFOPLIST_FILE = YES;
				IPHONEOS_DEPLOYMENT_TARGET = 17.0;
				MARKETING_VERSION = 1.0;
				PRODUCT_BUNDLE_IDENTIFIER = "com.movies-app.MoviesAppTests";
				PRODUCT_NAME = "$(TARGET_NAME)";
				SWIFT_EMIT_LOC_STRINGS = NO;
				SWIFT_VERSION = 5.0;
				TARGETED_DEVICE_FAMILY = "1,2";
				TEST_HOST = "$(BUILT_PRODUCTS_DIR)/MoviesApp.app/$(BUNDLE_EXECUTABLE_FOLDER_PATH)/MoviesApp";
			};
			name = Debug;
		};
		E90EBA7C2B2F8E9900E22E0D /* Release */ = {
			isa = XCBuildConfiguration;
			buildSettings = {
				ALWAYS_EMBED_SWIFT_STANDARD_LIBRARIES = YES;
				BUNDLE_LOADER = "$(TEST_HOST)";
				CODE_SIGN_STYLE = Automatic;
				CURRENT_PROJECT_VERSION = 1;
				GENERATE_INFOPLIST_FILE = YES;
				IPHONEOS_DEPLOYMENT_TARGET = 17.0;
				MARKETING_VERSION = 1.0;
				PRODUCT_BUNDLE_IDENTIFIER = "com.movies-app.MoviesAppTests";
				PRODUCT_NAME = "$(TARGET_NAME)";
				SWIFT_EMIT_LOC_STRINGS = NO;
				SWIFT_VERSION = 5.0;
				TARGETED_DEVICE_FAMILY = "1,2";
				TEST_HOST = "$(BUILT_PRODUCTS_DIR)/MoviesApp.app/$(BUNDLE_EXECUTABLE_FOLDER_PATH)/MoviesApp";
			};
			name = Release;
		};
		E90EBA7E2B2F8E9900E22E0D /* Debug */ = {
			isa = XCBuildConfiguration;
			buildSettings = {
				ALWAYS_EMBED_SWIFT_STANDARD_LIBRARIES = YES;
				CODE_SIGN_STYLE = Automatic;
				CURRENT_PROJECT_VERSION = 1;
				GENERATE_INFOPLIST_FILE = YES;
				MARKETING_VERSION = 1.0;
				PRODUCT_BUNDLE_IDENTIFIER = "com.movies-app.MoviesAppUITests";
				PRODUCT_NAME = "$(TARGET_NAME)";
				SWIFT_EMIT_LOC_STRINGS = NO;
				SWIFT_VERSION = 5.0;
				TARGETED_DEVICE_FAMILY = "1,2";
				TEST_TARGET_NAME = MoviesApp;
			};
			name = Debug;
		};
		E90EBA7F2B2F8E9900E22E0D /* Release */ = {
			isa = XCBuildConfiguration;
			buildSettings = {
				ALWAYS_EMBED_SWIFT_STANDARD_LIBRARIES = YES;
				CODE_SIGN_STYLE = Automatic;
				CURRENT_PROJECT_VERSION = 1;
				GENERATE_INFOPLIST_FILE = YES;
				MARKETING_VERSION = 1.0;
				PRODUCT_BUNDLE_IDENTIFIER = "com.movies-app.MoviesAppUITests";
				PRODUCT_NAME = "$(TARGET_NAME)";
				SWIFT_EMIT_LOC_STRINGS = NO;
				SWIFT_VERSION = 5.0;
				TARGETED_DEVICE_FAMILY = "1,2";
				TEST_TARGET_NAME = MoviesApp;
			};
			name = Release;
		};
/* End XCBuildConfiguration section */

/* Begin XCConfigurationList section */
		E90EBA4E2B2F8E9600E22E0D /* Build configuration list for PBXProject "MoviesApp" */ = {
			isa = XCConfigurationList;
			buildConfigurations = (
				E90EBA752B2F8E9900E22E0D /* Debug */,
				E90EBA762B2F8E9900E22E0D /* Release */,
			);
			defaultConfigurationIsVisible = 0;
			defaultConfigurationName = Release;
		};
		E90EBA772B2F8E9900E22E0D /* Build configuration list for PBXNativeTarget "MoviesApp" */ = {
			isa = XCConfigurationList;
			buildConfigurations = (
				E90EBA782B2F8E9900E22E0D /* Debug */,
				E90EBA792B2F8E9900E22E0D /* Release */,
			);
			defaultConfigurationIsVisible = 0;
			defaultConfigurationName = Release;
		};
		E90EBA7A2B2F8E9900E22E0D /* Build configuration list for PBXNativeTarget "MoviesAppTests" */ = {
			isa = XCConfigurationList;
			buildConfigurations = (
				E90EBA7B2B2F8E9900E22E0D /* Debug */,
				E90EBA7C2B2F8E9900E22E0D /* Release */,
			);
			defaultConfigurationIsVisible = 0;
			defaultConfigurationName = Release;
		};
		E90EBA7D2B2F8E9900E22E0D /* Build configuration list for PBXNativeTarget "MoviesAppUITests" */ = {
			isa = XCConfigurationList;
			buildConfigurations = (
				E90EBA7E2B2F8E9900E22E0D /* Debug */,
				E90EBA7F2B2F8E9900E22E0D /* Release */,
			);
			defaultConfigurationIsVisible = 0;
			defaultConfigurationName = Release;
		};
/* End XCConfigurationList section */

/* Begin XCRemoteSwiftPackageReference section */
		E928B56D2B33225500F457EC /* XCRemoteSwiftPackageReference "realm-swift" */ = {
			isa = XCRemoteSwiftPackageReference;
			repositoryURL = "https://github.com/realm/realm-swift.git";
			requirement = {
				branch = master;
				kind = branch;
			};
		};
		E928B5B32B33C84400F457EC /* XCRemoteSwiftPackageReference "lottie-ios" */ = {
			isa = XCRemoteSwiftPackageReference;
			repositoryURL = "https://github.com/airbnb/lottie-ios.git";
			requirement = {
				kind = upToNextMajorVersion;
				minimumVersion = 4.3.4;
			};
		};
/* End XCRemoteSwiftPackageReference section */

/* Begin XCSwiftPackageProductDependency section */
		E928B56E2B33225500F457EC /* Realm */ = {
			isa = XCSwiftPackageProductDependency;
			package = E928B56D2B33225500F457EC /* XCRemoteSwiftPackageReference "realm-swift" */;
			productName = Realm;
		};
		E928B5702B33225500F457EC /* RealmSwift */ = {
			isa = XCSwiftPackageProductDependency;
			package = E928B56D2B33225500F457EC /* XCRemoteSwiftPackageReference "realm-swift" */;
			productName = RealmSwift;
		};
		E928B5B42B33C84400F457EC /* Lottie */ = {
			isa = XCSwiftPackageProductDependency;
			package = E928B5B32B33C84400F457EC /* XCRemoteSwiftPackageReference "lottie-ios" */;
			productName = Lottie;
		};
/* End XCSwiftPackageProductDependency section */
	};
	rootObject = E90EBA4B2B2F8E9600E22E0D /* Project object */;
}
